// !$*UTF8*$!
{
	archiveVersion = 1;
	classes = {
	};
	objectVersion = 55;
	objects = {

/* Begin PBXBuildFile section */
		1C02FCAD289FCB050061CB1F /* AppDelegate.swift in Sources */ = {isa = PBXBuildFile; fileRef = 1C02FCAC289FCB050061CB1F /* AppDelegate.swift */; };
		1C02FCAF289FCB050061CB1F /* SceneDelegate.swift in Sources */ = {isa = PBXBuildFile; fileRef = 1C02FCAE289FCB050061CB1F /* SceneDelegate.swift */; };
		1C02FCB4289FCB050061CB1F /* Main.storyboard in Resources */ = {isa = PBXBuildFile; fileRef = 1C02FCB2289FCB050061CB1F /* Main.storyboard */; };
		1C02FCB6289FCB070061CB1F /* Assets.xcassets in Resources */ = {isa = PBXBuildFile; fileRef = 1C02FCB5289FCB070061CB1F /* Assets.xcassets */; };
		1C02FCB9289FCB070061CB1F /* LaunchScreen.storyboard in Resources */ = {isa = PBXBuildFile; fileRef = 1C02FCB7289FCB070061CB1F /* LaunchScreen.storyboard */; };
		1C02FCC4289FCB080061CB1F /* PrototypeTests.swift in Sources */ = {isa = PBXBuildFile; fileRef = 1C02FCC3289FCB080061CB1F /* PrototypeTests.swift */; };
		1C02FCCE289FCB080061CB1F /* PrototypeUITests.swift in Sources */ = {isa = PBXBuildFile; fileRef = 1C02FCCD289FCB080061CB1F /* PrototypeUITests.swift */; };
		1C02FCD0289FCB080061CB1F /* PrototypeUITestsLaunchTests.swift in Sources */ = {isa = PBXBuildFile; fileRef = 1C02FCCF289FCB080061CB1F /* PrototypeUITestsLaunchTests.swift */; };
		1C02FCDD289FD0C80061CB1F /* FeedViewController.swift in Sources */ = {isa = PBXBuildFile; fileRef = 1C02FCDC289FD0C80061CB1F /* FeedViewController.swift */; };
/* End PBXBuildFile section */

/* Begin PBXContainerItemProxy section */
		1C02FCC0289FCB080061CB1F /* PBXContainerItemProxy */ = {
			isa = PBXContainerItemProxy;
			containerPortal = 1C02FCA1289FCB050061CB1F /* Project object */;
			proxyType = 1;
			remoteGlobalIDString = 1C02FCA8289FCB050061CB1F;
			remoteInfo = Prototype;
		};
		1C02FCCA289FCB080061CB1F /* PBXContainerItemProxy */ = {
			isa = PBXContainerItemProxy;
			containerPortal = 1C02FCA1289FCB050061CB1F /* Project object */;
			proxyType = 1;
			remoteGlobalIDString = 1C02FCA8289FCB050061CB1F;
			remoteInfo = Prototype;
		};
/* End PBXContainerItemProxy section */

/* Begin PBXFileReference section */
		1C02FCA9289FCB050061CB1F /* Prototype.app */ = {isa = PBXFileReference; explicitFileType = wrapper.application; includeInIndex = 0; path = Prototype.app; sourceTree = BUILT_PRODUCTS_DIR; };
		1C02FCAC289FCB050061CB1F /* AppDelegate.swift */ = {isa = PBXFileReference; lastKnownFileType = sourcecode.swift; path = AppDelegate.swift; sourceTree = "<group>"; };
		1C02FCAE289FCB050061CB1F /* SceneDelegate.swift */ = {isa = PBXFileReference; lastKnownFileType = sourcecode.swift; path = SceneDelegate.swift; sourceTree = "<group>"; };
		1C02FCB3289FCB050061CB1F /* Base */ = {isa = PBXFileReference; lastKnownFileType = file.storyboard; name = Base; path = Base.lproj/Main.storyboard; sourceTree = "<group>"; };
		1C02FCB5289FCB070061CB1F /* Assets.xcassets */ = {isa = PBXFileReference; lastKnownFileType = folder.assetcatalog; path = Assets.xcassets; sourceTree = "<group>"; };
		1C02FCB8289FCB070061CB1F /* Base */ = {isa = PBXFileReference; lastKnownFileType = file.storyboard; name = Base; path = Base.lproj/LaunchScreen.storyboard; sourceTree = "<group>"; };
		1C02FCBA289FCB070061CB1F /* Info.plist */ = {isa = PBXFileReference; lastKnownFileType = text.plist.xml; path = Info.plist; sourceTree = "<group>"; };
		1C02FCBF289FCB080061CB1F /* PrototypeTests.xctest */ = {isa = PBXFileReference; explicitFileType = wrapper.cfbundle; includeInIndex = 0; path = PrototypeTests.xctest; sourceTree = BUILT_PRODUCTS_DIR; };
		1C02FCC3289FCB080061CB1F /* PrototypeTests.swift */ = {isa = PBXFileReference; lastKnownFileType = sourcecode.swift; path = PrototypeTests.swift; sourceTree = "<group>"; };
		1C02FCC9289FCB080061CB1F /* PrototypeUITests.xctest */ = {isa = PBXFileReference; explicitFileType = wrapper.cfbundle; includeInIndex = 0; path = PrototypeUITests.xctest; sourceTree = BUILT_PRODUCTS_DIR; };
		1C02FCCD289FCB080061CB1F /* PrototypeUITests.swift */ = {isa = PBXFileReference; lastKnownFileType = sourcecode.swift; path = PrototypeUITests.swift; sourceTree = "<group>"; };
		1C02FCCF289FCB080061CB1F /* PrototypeUITestsLaunchTests.swift */ = {isa = PBXFileReference; lastKnownFileType = sourcecode.swift; path = PrototypeUITestsLaunchTests.swift; sourceTree = "<group>"; };
		1C02FCDC289FD0C80061CB1F /* FeedViewController.swift */ = {isa = PBXFileReference; lastKnownFileType = sourcecode.swift; path = FeedViewController.swift; sourceTree = "<group>"; };
/* End PBXFileReference section */

/* Begin PBXFrameworksBuildPhase section */
		1C02FCA6289FCB050061CB1F /* Frameworks */ = {
			isa = PBXFrameworksBuildPhase;
			buildActionMask = 2147483647;
			files = (
			);
			runOnlyForDeploymentPostprocessing = 0;
		};
		1C02FCBC289FCB080061CB1F /* Frameworks */ = {
			isa = PBXFrameworksBuildPhase;
			buildActionMask = 2147483647;
			files = (
			);
			runOnlyForDeploymentPostprocessing = 0;
		};
		1C02FCC6289FCB080061CB1F /* Frameworks */ = {
			isa = PBXFrameworksBuildPhase;
			buildActionMask = 2147483647;
			files = (
			);
			runOnlyForDeploymentPostprocessing = 0;
		};
/* End PBXFrameworksBuildPhase section */

/* Begin PBXGroup section */
		1C02FCA0289FCB050061CB1F = {
			isa = PBXGroup;
			children = (
				1C02FCAB289FCB050061CB1F /* Prototype */,
				1C02FCC2289FCB080061CB1F /* PrototypeTests */,
				1C02FCCC289FCB080061CB1F /* PrototypeUITests */,
				1C02FCAA289FCB050061CB1F /* Products */,
			);
			sourceTree = "<group>";
		};
		1C02FCAA289FCB050061CB1F /* Products */ = {
			isa = PBXGroup;
			children = (
				1C02FCA9289FCB050061CB1F /* Prototype.app */,
				1C02FCBF289FCB080061CB1F /* PrototypeTests.xctest */,
				1C02FCC9289FCB080061CB1F /* PrototypeUITests.xctest */,
			);
			name = Products;
			sourceTree = "<group>";
		};
		1C02FCAB289FCB050061CB1F /* Prototype */ = {
			isa = PBXGroup;
			children = (
				1C02FCAC289FCB050061CB1F /* AppDelegate.swift */,
				1C02FCAE289FCB050061CB1F /* SceneDelegate.swift */,
				1C02FCDC289FD0C80061CB1F /* FeedViewController.swift */,
				1C02FCB2289FCB050061CB1F /* Main.storyboard */,
				1C02FCB5289FCB070061CB1F /* Assets.xcassets */,
				1C02FCB7289FCB070061CB1F /* LaunchScreen.storyboard */,
				1C02FCBA289FCB070061CB1F /* Info.plist */,
			);
			path = Prototype;
			sourceTree = "<group>";
		};
		1C02FCC2289FCB080061CB1F /* PrototypeTests */ = {
			isa = PBXGroup;
			children = (
				1C02FCC3289FCB080061CB1F /* PrototypeTests.swift */,
			);
			path = PrototypeTests;
			sourceTree = "<group>";
		};
		1C02FCCC289FCB080061CB1F /* PrototypeUITests */ = {
			isa = PBXGroup;
			children = (
				1C02FCCD289FCB080061CB1F /* PrototypeUITests.swift */,
				1C02FCCF289FCB080061CB1F /* PrototypeUITestsLaunchTests.swift */,
			);
			path = PrototypeUITests;
			sourceTree = "<group>";
		};
/* End PBXGroup section */

/* Begin PBXNativeTarget section */
		1C02FCA8289FCB050061CB1F /* Prototype */ = {
			isa = PBXNativeTarget;
			buildConfigurationList = 1C02FCD3289FCB080061CB1F /* Build configuration list for PBXNativeTarget "Prototype" */;
			buildPhases = (
				1C02FCA5289FCB050061CB1F /* Sources */,
				1C02FCA6289FCB050061CB1F /* Frameworks */,
				1C02FCA7289FCB050061CB1F /* Resources */,
			);
			buildRules = (
			);
			dependencies = (
			);
			name = Prototype;
			productName = Prototype;
			productReference = 1C02FCA9289FCB050061CB1F /* Prototype.app */;
			productType = "com.apple.product-type.application";
		};
		1C02FCBE289FCB080061CB1F /* PrototypeTests */ = {
			isa = PBXNativeTarget;
			buildConfigurationList = 1C02FCD6289FCB080061CB1F /* Build configuration list for PBXNativeTarget "PrototypeTests" */;
			buildPhases = (
				1C02FCBB289FCB080061CB1F /* Sources */,
				1C02FCBC289FCB080061CB1F /* Frameworks */,
				1C02FCBD289FCB080061CB1F /* Resources */,
			);
			buildRules = (
			);
			dependencies = (
				1C02FCC1289FCB080061CB1F /* PBXTargetDependency */,
			);
			name = PrototypeTests;
			productName = PrototypeTests;
			productReference = 1C02FCBF289FCB080061CB1F /* PrototypeTests.xctest */;
			productType = "com.apple.product-type.bundle.unit-test";
		};
		1C02FCC8289FCB080061CB1F /* PrototypeUITests */ = {
			isa = PBXNativeTarget;
			buildConfigurationList = 1C02FCD9289FCB080061CB1F /* Build configuration list for PBXNativeTarget "PrototypeUITests" */;
			buildPhases = (
				1C02FCC5289FCB080061CB1F /* Sources */,
				1C02FCC6289FCB080061CB1F /* Frameworks */,
				1C02FCC7289FCB080061CB1F /* Resources */,
			);
			buildRules = (
			);
			dependencies = (
				1C02FCCB289FCB080061CB1F /* PBXTargetDependency */,
			);
			name = PrototypeUITests;
			productName = PrototypeUITests;
			productReference = 1C02FCC9289FCB080061CB1F /* PrototypeUITests.xctest */;
			productType = "com.apple.product-type.bundle.ui-testing";
		};
/* End PBXNativeTarget section */

/* Begin PBXProject section */
		1C02FCA1289FCB050061CB1F /* Project object */ = {
			isa = PBXProject;
			attributes = {
				BuildIndependentTargetsInParallel = 1;
				LastSwiftUpdateCheck = 1340;
				LastUpgradeCheck = 1340;
				TargetAttributes = {
					1C02FCA8289FCB050061CB1F = {
						CreatedOnToolsVersion = 13.4;
					};
					1C02FCBE289FCB080061CB1F = {
						CreatedOnToolsVersion = 13.4;
						TestTargetID = 1C02FCA8289FCB050061CB1F;
					};
					1C02FCC8289FCB080061CB1F = {
						CreatedOnToolsVersion = 13.4;
						TestTargetID = 1C02FCA8289FCB050061CB1F;
					};
				};
			};
			buildConfigurationList = 1C02FCA4289FCB050061CB1F /* Build configuration list for PBXProject "Prototype" */;
			compatibilityVersion = "Xcode 13.0";
			developmentRegion = en;
			hasScannedForEncodings = 0;
			knownRegions = (
				en,
				Base,
			);
			mainGroup = 1C02FCA0289FCB050061CB1F;
			productRefGroup = 1C02FCAA289FCB050061CB1F /* Products */;
			projectDirPath = "";
			projectRoot = "";
			targets = (
				1C02FCA8289FCB050061CB1F /* Prototype */,
				1C02FCBE289FCB080061CB1F /* PrototypeTests */,
				1C02FCC8289FCB080061CB1F /* PrototypeUITests */,
			);
		};
/* End PBXProject section */

/* Begin PBXResourcesBuildPhase section */
		1C02FCA7289FCB050061CB1F /* Resources */ = {
			isa = PBXResourcesBuildPhase;
			buildActionMask = 2147483647;
			files = (
				1C02FCB9289FCB070061CB1F /* LaunchScreen.storyboard in Resources */,
				1C02FCB6289FCB070061CB1F /* Assets.xcassets in Resources */,
				1C02FCB4289FCB050061CB1F /* Main.storyboard in Resources */,
			);
			runOnlyForDeploymentPostprocessing = 0;
		};
		1C02FCBD289FCB080061CB1F /* Resources */ = {
			isa = PBXResourcesBuildPhase;
			buildActionMask = 2147483647;
			files = (
			);
			runOnlyForDeploymentPostprocessing = 0;
		};
		1C02FCC7289FCB080061CB1F /* Resources */ = {
			isa = PBXResourcesBuildPhase;
			buildActionMask = 2147483647;
			files = (
			);
			runOnlyForDeploymentPostprocessing = 0;
		};
/* End PBXResourcesBuildPhase section */

/* Begin PBXSourcesBuildPhase section */
		1C02FCA5289FCB050061CB1F /* Sources */ = {
			isa = PBXSourcesBuildPhase;
			buildActionMask = 2147483647;
			files = (
				1C02FCAD289FCB050061CB1F /* AppDelegate.swift in Sources */,
				1C02FCDD289FD0C80061CB1F /* FeedViewController.swift in Sources */,
				1C02FCAF289FCB050061CB1F /* SceneDelegate.swift in Sources */,
			);
			runOnlyForDeploymentPostprocessing = 0;
		};
		1C02FCBB289FCB080061CB1F /* Sources */ = {
			isa = PBXSourcesBuildPhase;
			buildActionMask = 2147483647;
			files = (
				1C02FCC4289FCB080061CB1F /* PrototypeTests.swift in Sources */,
			);
			runOnlyForDeploymentPostprocessing = 0;
		};
		1C02FCC5289FCB080061CB1F /* Sources */ = {
			isa = PBXSourcesBuildPhase;
			buildActionMask = 2147483647;
			files = (
				1C02FCCE289FCB080061CB1F /* PrototypeUITests.swift in Sources */,
				1C02FCD0289FCB080061CB1F /* PrototypeUITestsLaunchTests.swift in Sources */,
			);
			runOnlyForDeploymentPostprocessing = 0;
		};
/* End PBXSourcesBuildPhase section */

/* Begin PBXTargetDependency section */
		1C02FCC1289FCB080061CB1F /* PBXTargetDependency */ = {
			isa = PBXTargetDependency;
			target = 1C02FCA8289FCB050061CB1F /* Prototype */;
			targetProxy = 1C02FCC0289FCB080061CB1F /* PBXContainerItemProxy */;
		};
		1C02FCCB289FCB080061CB1F /* PBXTargetDependency */ = {
			isa = PBXTargetDependency;
			target = 1C02FCA8289FCB050061CB1F /* Prototype */;
			targetProxy = 1C02FCCA289FCB080061CB1F /* PBXContainerItemProxy */;
		};
/* End PBXTargetDependency section */

/* Begin PBXVariantGroup section */
		1C02FCB2289FCB050061CB1F /* Main.storyboard */ = {
			isa = PBXVariantGroup;
			children = (
				1C02FCB3289FCB050061CB1F /* Base */,
			);
			name = Main.storyboard;
			sourceTree = "<group>";
		};
		1C02FCB7289FCB070061CB1F /* LaunchScreen.storyboard */ = {
			isa = PBXVariantGroup;
			children = (
				1C02FCB8289FCB070061CB1F /* Base */,
			);
			name = LaunchScreen.storyboard;
			sourceTree = "<group>";
		};
/* End PBXVariantGroup section */

/* Begin XCBuildConfiguration section */
		1C02FCD1289FCB080061CB1F /* Debug */ = {
			isa = XCBuildConfiguration;
			buildSettings = {
				ALWAYS_SEARCH_USER_PATHS = NO;
				CLANG_ANALYZER_NONNULL = YES;
				CLANG_ANALYZER_NUMBER_OBJECT_CONVERSION = YES_AGGRESSIVE;
				CLANG_CXX_LANGUAGE_STANDARD = "gnu++17";
				CLANG_ENABLE_MODULES = YES;
				CLANG_ENABLE_OBJC_ARC = YES;
				CLANG_ENABLE_OBJC_WEAK = YES;
				CLANG_WARN_BLOCK_CAPTURE_AUTORELEASING = YES;
				CLANG_WARN_BOOL_CONVERSION = YES;
				CLANG_WARN_COMMA = YES;
				CLANG_WARN_CONSTANT_CONVERSION = YES;
				CLANG_WARN_DEPRECATED_OBJC_IMPLEMENTATIONS = YES;
				CLANG_WARN_DIRECT_OBJC_ISA_USAGE = YES_ERROR;
				CLANG_WARN_DOCUMENTATION_COMMENTS = YES;
				CLANG_WARN_EMPTY_BODY = YES;
				CLANG_WARN_ENUM_CONVERSION = YES;
				CLANG_WARN_INFINITE_RECURSION = YES;
				CLANG_WARN_INT_CONVERSION = YES;
				CLANG_WARN_NON_LITERAL_NULL_CONVERSION = YES;
				CLANG_WARN_OBJC_IMPLICIT_RETAIN_SELF = YES;
				CLANG_WARN_OBJC_LITERAL_CONVERSION = YES;
				CLANG_WARN_OBJC_ROOT_CLASS = YES_ERROR;
				CLANG_WARN_QUOTED_INCLUDE_IN_FRAMEWORK_HEADER = YES;
				CLANG_WARN_RANGE_LOOP_ANALYSIS = YES;
				CLANG_WARN_STRICT_PROTOTYPES = YES;
				CLANG_WARN_SUSPICIOUS_MOVE = YES;
				CLANG_WARN_UNGUARDED_AVAILABILITY = YES_AGGRESSIVE;
				CLANG_WARN_UNREACHABLE_CODE = YES;
				CLANG_WARN__DUPLICATE_METHOD_MATCH = YES;
				COPY_PHASE_STRIP = NO;
				DEBUG_INFORMATION_FORMAT = dwarf;
				ENABLE_STRICT_OBJC_MSGSEND = YES;
				ENABLE_TESTABILITY = YES;
				GCC_C_LANGUAGE_STANDARD = gnu11;
				GCC_DYNAMIC_NO_PIC = NO;
				GCC_NO_COMMON_BLOCKS = YES;
				GCC_OPTIMIZATION_LEVEL = 0;
				GCC_PREPROCESSOR_DEFINITIONS = (
					"DEBUG=1",
					"$(inherited)",
				);
				GCC_WARN_64_TO_32_BIT_CONVERSION = YES;
				GCC_WARN_ABOUT_RETURN_TYPE = YES_ERROR;
				GCC_WARN_UNDECLARED_SELECTOR = YES;
				GCC_WARN_UNINITIALIZED_AUTOS = YES_AGGRESSIVE;
				GCC_WARN_UNUSED_FUNCTION = YES;
				GCC_WARN_UNUSED_VARIABLE = YES;
				IPHONEOS_DEPLOYMENT_TARGET = 15.5;
				MTL_ENABLE_DEBUG_INFO = INCLUDE_SOURCE;
				MTL_FAST_MATH = YES;
				ONLY_ACTIVE_ARCH = YES;
				SDKROOT = iphoneos;
				SWIFT_ACTIVE_COMPILATION_CONDITIONS = DEBUG;
				SWIFT_OPTIMIZATION_LEVEL = "-Onone";
			};
			name = Debug;
		};
		1C02FCD2289FCB080061CB1F /* Release */ = {
			isa = XCBuildConfiguration;
			buildSettings = {
				ALWAYS_SEARCH_USER_PATHS = NO;
				CLANG_ANALYZER_NONNULL = YES;
				CLANG_ANALYZER_NUMBER_OBJECT_CONVERSION = YES_AGGRESSIVE;
				CLANG_CXX_LANGUAGE_STANDARD = "gnu++17";
				CLANG_ENABLE_MODULES = YES;
				CLANG_ENABLE_OBJC_ARC = YES;
				CLANG_ENABLE_OBJC_WEAK = YES;
				CLANG_WARN_BLOCK_CAPTURE_AUTORELEASING = YES;
				CLANG_WARN_BOOL_CONVERSION = YES;
				CLANG_WARN_COMMA = YES;
				CLANG_WARN_CONSTANT_CONVERSION = YES;
				CLANG_WARN_DEPRECATED_OBJC_IMPLEMENTATIONS = YES;
				CLANG_WARN_DIRECT_OBJC_ISA_USAGE = YES_ERROR;
				CLANG_WARN_DOCUMENTATION_COMMENTS = YES;
				CLANG_WARN_EMPTY_BODY = YES;
				CLANG_WARN_ENUM_CONVERSION = YES;
				CLANG_WARN_INFINITE_RECURSION = YES;
				CLANG_WARN_INT_CONVERSION = YES;
				CLANG_WARN_NON_LITERAL_NULL_CONVERSION = YES;
				CLANG_WARN_OBJC_IMPLICIT_RETAIN_SELF = YES;
				CLANG_WARN_OBJC_LITERAL_CONVERSION = YES;
				CLANG_WARN_OBJC_ROOT_CLASS = YES_ERROR;
				CLANG_WARN_QUOTED_INCLUDE_IN_FRAMEWORK_HEADER = YES;
				CLANG_WARN_RANGE_LOOP_ANALYSIS = YES;
				CLANG_WARN_STRICT_PROTOTYPES = YES;
				CLANG_WARN_SUSPICIOUS_MOVE = YES;
				CLANG_WARN_UNGUARDED_AVAILABILITY = YES_AGGRESSIVE;
				CLANG_WARN_UNREACHABLE_CODE = YES;
				CLANG_WARN__DUPLICATE_METHOD_MATCH = YES;
				COPY_PHASE_STRIP = NO;
				DEBUG_INFORMATION_FORMAT = "dwarf-with-dsym";
				ENABLE_NS_ASSERTIONS = NO;
				ENABLE_STRICT_OBJC_MSGSEND = YES;
				GCC_C_LANGUAGE_STANDARD = gnu11;
				GCC_NO_COMMON_BLOCKS = YES;
				GCC_WARN_64_TO_32_BIT_CONVERSION = YES;
				GCC_WARN_ABOUT_RETURN_TYPE = YES_ERROR;
				GCC_WARN_UNDECLARED_SELECTOR = YES;
				GCC_WARN_UNINITIALIZED_AUTOS = YES_AGGRESSIVE;
				GCC_WARN_UNUSED_FUNCTION = YES;
				GCC_WARN_UNUSED_VARIABLE = YES;
				IPHONEOS_DEPLOYMENT_TARGET = 15.5;
				MTL_ENABLE_DEBUG_INFO = NO;
				MTL_FAST_MATH = YES;
				SDKROOT = iphoneos;
				SWIFT_COMPILATION_MODE = wholemodule;
				SWIFT_OPTIMIZATION_LEVEL = "-O";
				VALIDATE_PRODUCT = YES;
			};
			name = Release;
		};
		1C02FCD4289FCB080061CB1F /* Debug */ = {
			isa = XCBuildConfiguration;
			buildSettings = {
				ASSETCATALOG_COMPILER_APPICON_NAME = AppIcon;
				ASSETCATALOG_COMPILER_GLOBAL_ACCENT_COLOR_NAME = AccentColor;
				CODE_SIGN_STYLE = Automatic;
				CURRENT_PROJECT_VERSION = 1;
				DEVELOPMENT_TEAM = U2GCDMVV7S;
				GENERATE_INFOPLIST_FILE = YES;
				INFOPLIST_FILE = Prototype/Info.plist;
				INFOPLIST_KEY_UIApplicationSupportsIndirectInputEvents = YES;
				INFOPLIST_KEY_UILaunchStoryboardName = LaunchScreen;
				INFOPLIST_KEY_UIMainStoryboardFile = Main;
				INFOPLIST_KEY_UISupportedInterfaceOrientations = UIInterfaceOrientationPortrait;
				INFOPLIST_KEY_UISupportedInterfaceOrientations_iPad = "UIInterfaceOrientationPortrait UIInterfaceOrientationPortraitUpsideDown UIInterfaceOrientationLandscapeLeft UIInterfaceOrientationLandscapeRight";
				INFOPLIST_KEY_UISupportedInterfaceOrientations_iPhone = "UIInterfaceOrientationPortrait UIInterfaceOrientationLandscapeLeft UIInterfaceOrientationLandscapeRight";
				LD_RUNPATH_SEARCH_PATHS = (
					"$(inherited)",
					"@executable_path/Frameworks",
				);
				MARKETING_VERSION = 1.0;
				PRODUCT_BUNDLE_IDENTIFIER = com.bradleymackey.EssentialFeed.Prototype;
				PRODUCT_NAME = "$(TARGET_NAME)";
				SWIFT_EMIT_LOC_STRINGS = YES;
				SWIFT_VERSION = 5.0;
				TARGETED_DEVICE_FAMILY = "1,2";
			};
			name = Debug;
		};
		1C02FCD5289FCB080061CB1F /* Release */ = {
			isa = XCBuildConfiguration;
			buildSettings = {
				ASSETCATALOG_COMPILER_APPICON_NAME = AppIcon;
				ASSETCATALOG_COMPILER_GLOBAL_ACCENT_COLOR_NAME = AccentColor;
				CODE_SIGN_STYLE = Automatic;
				CURRENT_PROJECT_VERSION = 1;
				DEVELOPMENT_TEAM = U2GCDMVV7S;
				GENERATE_INFOPLIST_FILE = YES;
				INFOPLIST_FILE = Prototype/Info.plist;
				INFOPLIST_KEY_UIApplicationSupportsIndirectInputEvents = YES;
				INFOPLIST_KEY_UILaunchStoryboardName = LaunchScreen;
				INFOPLIST_KEY_UIMainStoryboardFile = Main;
				INFOPLIST_KEY_UISupportedInterfaceOrientations = UIInterfaceOrientationPortrait;
				INFOPLIST_KEY_UISupportedInterfaceOrientations_iPad = "UIInterfaceOrientationPortrait UIInterfaceOrientationPortraitUpsideDown UIInterfaceOrientationLandscapeLeft UIInterfaceOrientationLandscapeRight";
				INFOPLIST_KEY_UISupportedInterfaceOrientations_iPhone = "UIInterfaceOrientationPortrait UIInterfaceOrientationLandscapeLeft UIInterfaceOrientationLandscapeRight";
				LD_RUNPATH_SEARCH_PATHS = (
					"$(inherited)",
					"@executable_path/Frameworks",
				);
				MARKETING_VERSION = 1.0;
				PRODUCT_BUNDLE_IDENTIFIER = com.bradleymackey.EssentialFeed.Prototype;
				PRODUCT_NAME = "$(TARGET_NAME)";
				SWIFT_EMIT_LOC_STRINGS = YES;
				SWIFT_VERSION = 5.0;
				TARGETED_DEVICE_FAMILY = "1,2";
			};
			name = Release;
		};
		1C02FCD7289FCB080061CB1F /* Debug */ = {
			isa = XCBuildConfiguration;
			buildSettings = {
				ALWAYS_EMBED_SWIFT_STANDARD_LIBRARIES = YES;
				BUNDLE_LOADER = "$(TEST_HOST)";
				CODE_SIGN_STYLE = Automatic;
				CURRENT_PROJECT_VERSION = 1;
				DEVELOPMENT_TEAM = U2GCDMVV7S;
				GENERATE_INFOPLIST_FILE = YES;
				IPHONEOS_DEPLOYMENT_TARGET = 15.5;
				MARKETING_VERSION = 1.0;
				PRODUCT_BUNDLE_IDENTIFIER = com.bradleymackey.EssentialFeed.PrototypeTests;
				PRODUCT_NAME = "$(TARGET_NAME)";
				SWIFT_EMIT_LOC_STRINGS = NO;
				SWIFT_VERSION = 5.0;
				TARGETED_DEVICE_FAMILY = "1,2";
				TEST_HOST = "$(BUILT_PRODUCTS_DIR)/Prototype.app/Prototype";
			};
			name = Debug;
		};
		1C02FCD8289FCB080061CB1F /* Release */ = {
			isa = XCBuildConfiguration;
			buildSettings = {
				ALWAYS_EMBED_SWIFT_STANDARD_LIBRARIES = YES;
				BUNDLE_LOADER = "$(TEST_HOST)";
				CODE_SIGN_STYLE = Automatic;
				CURRENT_PROJECT_VERSION = 1;
				DEVELOPMENT_TEAM = U2GCDMVV7S;
				GENERATE_INFOPLIST_FILE = YES;
				IPHONEOS_DEPLOYMENT_TARGET = 15.5;
				MARKETING_VERSION = 1.0;
				PRODUCT_BUNDLE_IDENTIFIER = com.bradleymackey.EssentialFeed.PrototypeTests;
				PRODUCT_NAME = "$(TARGET_NAME)";
				SWIFT_EMIT_LOC_STRINGS = NO;
				SWIFT_VERSION = 5.0;
				TARGETED_DEVICE_FAMILY = "1,2";
				TEST_HOST = "$(BUILT_PRODUCTS_DIR)/Prototype.app/Prototype";
			};
			name = Release;
		};
		1C02FCDA289FCB080061CB1F /* Debug */ = {
			isa = XCBuildConfiguration;
			buildSettings = {
				ALWAYS_EMBED_SWIFT_STANDARD_LIBRARIES = YES;
				CODE_SIGN_STYLE = Automatic;
				CURRENT_PROJECT_VERSION = 1;
				DEVELOPMENT_TEAM = U2GCDMVV7S;
				GENERATE_INFOPLIST_FILE = YES;
				MARKETING_VERSION = 1.0;
				PRODUCT_BUNDLE_IDENTIFIER = com.bradleymackey.EssentialFeed.PrototypeUITests;
				PRODUCT_NAME = "$(TARGET_NAME)";
				SWIFT_EMIT_LOC_STRINGS = NO;
				SWIFT_VERSION = 5.0;
				TARGETED_DEVICE_FAMILY = "1,2";
				TEST_TARGET_NAME = Prototype;
			};
			name = Debug;
		};
		1C02FCDB289FCB080061CB1F /* Release */ = {
			isa = XCBuildConfiguration;
			buildSettings = {
				ALWAYS_EMBED_SWIFT_STANDARD_LIBRARIES = YES;
				CODE_SIGN_STYLE = Automatic;
				CURRENT_PROJECT_VERSION = 1;
				DEVELOPMENT_TEAM = U2GCDMVV7S;
				GENERATE_INFOPLIST_FILE = YES;
				MARKETING_VERSION = 1.0;
				PRODUCT_BUNDLE_IDENTIFIER = com.bradleymackey.EssentialFeed.PrototypeUITests;
				PRODUCT_NAME = "$(TARGET_NAME)";
				SWIFT_EMIT_LOC_STRINGS = NO;
				SWIFT_VERSION = 5.0;
				TARGETED_DEVICE_FAMILY = "1,2";
				TEST_TARGET_NAME = Prototype;
			};
			name = Release;
		};
/* End XCBuildConfiguration section */

/* Begin XCConfigurationList section */
		1C02FCA4289FCB050061CB1F /* Build configuration list for PBXProject "Prototype" */ = {
			isa = XCConfigurationList;
			buildConfigurations = (
				1C02FCD1289FCB080061CB1F /* Debug */,
				1C02FCD2289FCB080061CB1F /* Release */,
			);
			defaultConfigurationIsVisible = 0;
			defaultConfigurationName = Release;
		};
		1C02FCD3289FCB080061CB1F /* Build configuration list for PBXNativeTarget "Prototype" */ = {
			isa = XCConfigurationList;
			buildConfigurations = (
				1C02FCD4289FCB080061CB1F /* Debug */,
				1C02FCD5289FCB080061CB1F /* Release */,
			);
			defaultConfigurationIsVisible = 0;
			defaultConfigurationName = Release;
		};
		1C02FCD6289FCB080061CB1F /* Build configuration list for PBXNativeTarget "PrototypeTests" */ = {
			isa = XCConfigurationList;
			buildConfigurations = (
				1C02FCD7289FCB080061CB1F /* Debug */,
				1C02FCD8289FCB080061CB1F /* Release */,
			);
			defaultConfigurationIsVisible = 0;
			defaultConfigurationName = Release;
		};
		1C02FCD9289FCB080061CB1F /* Build configuration list for PBXNativeTarget "PrototypeUITests" */ = {
			isa = XCConfigurationList;
			buildConfigurations = (
				1C02FCDA289FCB080061CB1F /* Debug */,
				1C02FCDB289FCB080061CB1F /* Release */,
			);
			defaultConfigurationIsVisible = 0;
			defaultConfigurationName = Release;
		};
/* End XCConfigurationList section */
	};
	rootObject = 1C02FCA1289FCB050061CB1F /* Project object */;
}
