// !$*UTF8*$!
{
	archiveVersion = 1;
	classes = {
	};
	objectVersion = 55;
	objects = {

/* Begin PBXBuildFile section */
		1C0722F02842313000E4B30E /* CoreDataFeedStoreTests.swift in Sources */ = {isa = PBXBuildFile; fileRef = 1C0722EF2842313000E4B30E /* CoreDataFeedStoreTests.swift */; };
		1C0722F2284231B700E4B30E /* CoreDataFeedStore.swift in Sources */ = {isa = PBXBuildFile; fileRef = 1C0722F1284231B700E4B30E /* CoreDataFeedStore.swift */; };
		1C0722F5284232AC00E4B30E /* FeedStore.xcdatamodeld in Sources */ = {isa = PBXBuildFile; fileRef = 1C0722F3284232AC00E4B30E /* FeedStore.xcdatamodeld */; };
		1C0722FA28423F9C00E4B30E /* CoreDataHelpers.swift in Sources */ = {isa = PBXBuildFile; fileRef = 1C0722F928423F9C00E4B30E /* CoreDataHelpers.swift */; };
		1C0722FC2842401000E4B30E /* ManagedCache.swift in Sources */ = {isa = PBXBuildFile; fileRef = 1C0722FB2842401000E4B30E /* ManagedCache.swift */; };
		1C0722FE2842401600E4B30E /* ManagedFeedImage.swift in Sources */ = {isa = PBXBuildFile; fileRef = 1C0722FD2842401600E4B30E /* ManagedFeedImage.swift */; };
		1C11BD61283434E300AD4B39 /* FeedStoreSpecs.swift in Sources */ = {isa = PBXBuildFile; fileRef = 1C11BD60283434E300AD4B39 /* FeedStoreSpecs.swift */; };
		1C11BD63283435F500AD4B39 /* XCTestCase+FeedStoreSpecs.swift in Sources */ = {isa = PBXBuildFile; fileRef = 1C11BD62283435F500AD4B39 /* XCTestCase+FeedStoreSpecs.swift */; };
		1C11BD652834379000AD4B39 /* XCTestCase+FailableRetrieveFeedStoreSpecs.swift in Sources */ = {isa = PBXBuildFile; fileRef = 1C11BD642834379000AD4B39 /* XCTestCase+FailableRetrieveFeedStoreSpecs.swift */; };
		1C11BD67283437B200AD4B39 /* XCTestCase+FailableInsertFeedStoreSepcs.swift in Sources */ = {isa = PBXBuildFile; fileRef = 1C11BD66283437B200AD4B39 /* XCTestCase+FailableInsertFeedStoreSepcs.swift */; };
		1C11BD69283437E800AD4B39 /* XCTestCase+FailableDeleteFeedStoreSpecs.swift in Sources */ = {isa = PBXBuildFile; fileRef = 1C11BD68283437E800AD4B39 /* XCTestCase+FailableDeleteFeedStoreSpecs.swift */; };
		1C4B5740282EC43E008B8479 /* CodableFeedStoreTests.swift in Sources */ = {isa = PBXBuildFile; fileRef = 1C4B573F282EC43E008B8479 /* CodableFeedStoreTests.swift */; };
		1C4B57422831614A008B8479 /* CodableFeedStore.swift in Sources */ = {isa = PBXBuildFile; fileRef = 1C4B57412831614A008B8479 /* CodableFeedStore.swift */; };
		1C4E66642824661D0010117F /* README.md in Resources */ = {isa = PBXBuildFile; fileRef = 1C4E66632824661D0010117F /* README.md */; };
		1C4E6666282662380010117F /* ValidateFeedCacheUseCaseTests.swift in Sources */ = {isa = PBXBuildFile; fileRef = 1C4E6665282662380010117F /* ValidateFeedCacheUseCaseTests.swift */; };
		1C4E6668282665220010117F /* FeedCacheTestHelpers.swift in Sources */ = {isa = PBXBuildFile; fileRef = 1C4E6667282665220010117F /* FeedCacheTestHelpers.swift */; };
		1C4E666A2826659A0010117F /* SharedTestHelpers.swift in Sources */ = {isa = PBXBuildFile; fileRef = 1C4E66692826659A0010117F /* SharedTestHelpers.swift */; };
		1C4E666C28280C420010117F /* FeedCachePolicy.swift in Sources */ = {isa = PBXBuildFile; fileRef = 1C4E666B28280C420010117F /* FeedCachePolicy.swift */; };
		1C8B1E3C28081F97002EA167 /* FeedItemsMapper.swift in Sources */ = {isa = PBXBuildFile; fileRef = 1C8B1E3B28081F97002EA167 /* FeedItemsMapper.swift */; };
		1C8B1E4128087C77002EA167 /* URLSessionHTTPClientTests.swift in Sources */ = {isa = PBXBuildFile; fileRef = 1C8B1E4028087C77002EA167 /* URLSessionHTTPClientTests.swift */; };
		1C8B1E442808C5C9002EA167 /* XCTestCase+TrackMemoryLeaks.swift in Sources */ = {isa = PBXBuildFile; fileRef = 1C8B1E432808C5C9002EA167 /* XCTestCase+TrackMemoryLeaks.swift */; };
		1C8B1E462808D3FD002EA167 /* URLSessionHTTPClient.swift in Sources */ = {isa = PBXBuildFile; fileRef = 1C8B1E452808D3FD002EA167 /* URLSessionHTTPClient.swift */; };
		1C8B1E4E2809644B002EA167 /* EssentialFeedAPIEndToEndTests.swift in Sources */ = {isa = PBXBuildFile; fileRef = 1C8B1E4D2809644B002EA167 /* EssentialFeedAPIEndToEndTests.swift */; };
		1C8B1E4F2809644B002EA167 /* EssentialFeed.framework in Frameworks */ = {isa = PBXBuildFile; fileRef = 1CBE7CEA280594230096676E /* EssentialFeed.framework */; };
		1C8B1E552809673D002EA167 /* XCTestCase+TrackMemoryLeaks.swift in Sources */ = {isa = PBXBuildFile; fileRef = 1C8B1E432808C5C9002EA167 /* XCTestCase+TrackMemoryLeaks.swift */; };
		1CBE7CEF280594230096676E /* EssentialFeed.docc in Sources */ = {isa = PBXBuildFile; fileRef = 1CBE7CEE280594230096676E /* EssentialFeed.docc */; };
		1CBE7CF5280594230096676E /* EssentialFeed.framework in Frameworks */ = {isa = PBXBuildFile; fileRef = 1CBE7CEA280594230096676E /* EssentialFeed.framework */; };
		1CBE7CFB280594230096676E /* EssentialFeed.h in Headers */ = {isa = PBXBuildFile; fileRef = 1CBE7CED280594230096676E /* EssentialFeed.h */; settings = {ATTRIBUTES = (Public, ); }; };
		1CBE7D052805943E0096676E /* FeedItem.swift in Sources */ = {isa = PBXBuildFile; fileRef = 1CBE7D042805943E0096676E /* FeedItem.swift */; };
		1CBE7D07280594710096676E /* FeedLoader.swift in Sources */ = {isa = PBXBuildFile; fileRef = 1CBE7D06280594710096676E /* FeedLoader.swift */; };
		1CBE7D0928059B820096676E /* LoadFromRemoteUseCaseTests.swift in Sources */ = {isa = PBXBuildFile; fileRef = 1CBE7D0828059B820096676E /* LoadFromRemoteUseCaseTests.swift */; };
		1CBE7D0B2805A6D30096676E /* HTTPClient.swift in Sources */ = {isa = PBXBuildFile; fileRef = 1CBE7D0A2805A6D30096676E /* HTTPClient.swift */; };
		1CBE7D0D2805DF160096676E /* RemoteFeedLoader.swift in Sources */ = {isa = PBXBuildFile; fileRef = 1CBE7D0C2805DF160096676E /* RemoteFeedLoader.swift */; };
		1CCC42C3281B003700F77ACA /* CacheFeedUseCase.swift in Sources */ = {isa = PBXBuildFile; fileRef = 1CCC42C2281B003700F77ACA /* CacheFeedUseCase.swift */; };
		1CCC42C6281D486100F77ACA /* LocalFeedLoader.swift in Sources */ = {isa = PBXBuildFile; fileRef = 1CCC42C5281D486100F77ACA /* LocalFeedLoader.swift */; };
		1CCC42C8281D48DE00F77ACA /* FeedStore.swift in Sources */ = {isa = PBXBuildFile; fileRef = 1CCC42C7281D48DE00F77ACA /* FeedStore.swift */; };
		1CCC42CA281D955600F77ACA /* RemoteFeedItem.swift in Sources */ = {isa = PBXBuildFile; fileRef = 1CCC42C9281D955600F77ACA /* RemoteFeedItem.swift */; };
		1CCC42CC281D958F00F77ACA /* LocalFeedImage.swift in Sources */ = {isa = PBXBuildFile; fileRef = 1CCC42CB281D958F00F77ACA /* LocalFeedImage.swift */; };
		1CE712942822EBE80065176B /* LoadFeedFromCacheUseCaseTests.swift in Sources */ = {isa = PBXBuildFile; fileRef = 1CE712932822EBE80065176B /* LoadFeedFromCacheUseCaseTests.swift */; };
		1CE712972822EC790065176B /* FeedStoreSpy.swift in Sources */ = {isa = PBXBuildFile; fileRef = 1CE712962822EC790065176B /* FeedStoreSpy.swift */; };
/* End PBXBuildFile section */

/* Begin PBXContainerItemProxy section */
		1C8B1E502809644B002EA167 /* PBXContainerItemProxy */ = {
			isa = PBXContainerItemProxy;
			containerPortal = 1CBE7CE1280594230096676E /* Project object */;
			proxyType = 1;
			remoteGlobalIDString = 1CBE7CE9280594230096676E;
			remoteInfo = EssentialFeed;
		};
		1CBE7CF6280594230096676E /* PBXContainerItemProxy */ = {
			isa = PBXContainerItemProxy;
			containerPortal = 1CBE7CE1280594230096676E /* Project object */;
			proxyType = 1;
			remoteGlobalIDString = 1CBE7CE9280594230096676E;
			remoteInfo = EssentialFeed;
		};
/* End PBXContainerItemProxy section */

/* Begin PBXFileReference section */
		1C0722EF2842313000E4B30E /* CoreDataFeedStoreTests.swift */ = {isa = PBXFileReference; lastKnownFileType = sourcecode.swift; path = CoreDataFeedStoreTests.swift; sourceTree = "<group>"; };
		1C0722F1284231B700E4B30E /* CoreDataFeedStore.swift */ = {isa = PBXFileReference; lastKnownFileType = sourcecode.swift; path = CoreDataFeedStore.swift; sourceTree = "<group>"; };
		1C0722F4284232AC00E4B30E /* FeedStore.xcdatamodel */ = {isa = PBXFileReference; lastKnownFileType = wrapper.xcdatamodel; path = FeedStore.xcdatamodel; sourceTree = "<group>"; };
		1C0722F928423F9C00E4B30E /* CoreDataHelpers.swift */ = {isa = PBXFileReference; lastKnownFileType = sourcecode.swift; path = CoreDataHelpers.swift; sourceTree = "<group>"; };
		1C0722FB2842401000E4B30E /* ManagedCache.swift */ = {isa = PBXFileReference; lastKnownFileType = sourcecode.swift; path = ManagedCache.swift; sourceTree = "<group>"; };
		1C0722FD2842401600E4B30E /* ManagedFeedImage.swift */ = {isa = PBXFileReference; lastKnownFileType = sourcecode.swift; path = ManagedFeedImage.swift; sourceTree = "<group>"; };
		1C11BD60283434E300AD4B39 /* FeedStoreSpecs.swift */ = {isa = PBXFileReference; lastKnownFileType = sourcecode.swift; path = FeedStoreSpecs.swift; sourceTree = "<group>"; };
		1C11BD62283435F500AD4B39 /* XCTestCase+FeedStoreSpecs.swift */ = {isa = PBXFileReference; lastKnownFileType = sourcecode.swift; path = "XCTestCase+FeedStoreSpecs.swift"; sourceTree = "<group>"; };
		1C11BD642834379000AD4B39 /* XCTestCase+FailableRetrieveFeedStoreSpecs.swift */ = {isa = PBXFileReference; lastKnownFileType = sourcecode.swift; path = "XCTestCase+FailableRetrieveFeedStoreSpecs.swift"; sourceTree = "<group>"; };
		1C11BD66283437B200AD4B39 /* XCTestCase+FailableInsertFeedStoreSepcs.swift */ = {isa = PBXFileReference; lastKnownFileType = sourcecode.swift; path = "XCTestCase+FailableInsertFeedStoreSepcs.swift"; sourceTree = "<group>"; };
		1C11BD68283437E800AD4B39 /* XCTestCase+FailableDeleteFeedStoreSpecs.swift */ = {isa = PBXFileReference; lastKnownFileType = sourcecode.swift; path = "XCTestCase+FailableDeleteFeedStoreSpecs.swift"; sourceTree = "<group>"; };
		1C4B573F282EC43E008B8479 /* CodableFeedStoreTests.swift */ = {isa = PBXFileReference; lastKnownFileType = sourcecode.swift; path = CodableFeedStoreTests.swift; sourceTree = "<group>"; };
		1C4B57412831614A008B8479 /* CodableFeedStore.swift */ = {isa = PBXFileReference; lastKnownFileType = sourcecode.swift; path = CodableFeedStore.swift; sourceTree = "<group>"; };
		1C4E66632824661D0010117F /* README.md */ = {isa = PBXFileReference; fileEncoding = 4; lastKnownFileType = net.daringfireball.markdown; path = README.md; sourceTree = "<group>"; };
		1C4E6665282662380010117F /* ValidateFeedCacheUseCaseTests.swift */ = {isa = PBXFileReference; lastKnownFileType = sourcecode.swift; path = ValidateFeedCacheUseCaseTests.swift; sourceTree = "<group>"; };
		1C4E6667282665220010117F /* FeedCacheTestHelpers.swift */ = {isa = PBXFileReference; lastKnownFileType = sourcecode.swift; path = FeedCacheTestHelpers.swift; sourceTree = "<group>"; };
		1C4E66692826659A0010117F /* SharedTestHelpers.swift */ = {isa = PBXFileReference; lastKnownFileType = sourcecode.swift; path = SharedTestHelpers.swift; sourceTree = "<group>"; };
		1C4E666B28280C420010117F /* FeedCachePolicy.swift */ = {isa = PBXFileReference; lastKnownFileType = sourcecode.swift; path = FeedCachePolicy.swift; sourceTree = "<group>"; };
		1C8B1E3B28081F97002EA167 /* FeedItemsMapper.swift */ = {isa = PBXFileReference; lastKnownFileType = sourcecode.swift; path = FeedItemsMapper.swift; sourceTree = "<group>"; };
		1C8B1E4028087C77002EA167 /* URLSessionHTTPClientTests.swift */ = {isa = PBXFileReference; lastKnownFileType = sourcecode.swift; path = URLSessionHTTPClientTests.swift; sourceTree = "<group>"; };
		1C8B1E432808C5C9002EA167 /* XCTestCase+TrackMemoryLeaks.swift */ = {isa = PBXFileReference; lastKnownFileType = sourcecode.swift; path = "XCTestCase+TrackMemoryLeaks.swift"; sourceTree = "<group>"; };
		1C8B1E452808D3FD002EA167 /* URLSessionHTTPClient.swift */ = {isa = PBXFileReference; lastKnownFileType = sourcecode.swift; path = URLSessionHTTPClient.swift; sourceTree = "<group>"; };
		1C8B1E4B2809644B002EA167 /* EssentialFeedAPIEndToEndTests.xctest */ = {isa = PBXFileReference; explicitFileType = wrapper.cfbundle; includeInIndex = 0; path = EssentialFeedAPIEndToEndTests.xctest; sourceTree = BUILT_PRODUCTS_DIR; };
		1C8B1E4D2809644B002EA167 /* EssentialFeedAPIEndToEndTests.swift */ = {isa = PBXFileReference; lastKnownFileType = sourcecode.swift; path = EssentialFeedAPIEndToEndTests.swift; sourceTree = "<group>"; };
		1CBE7CEA280594230096676E /* EssentialFeed.framework */ = {isa = PBXFileReference; explicitFileType = wrapper.framework; includeInIndex = 0; path = EssentialFeed.framework; sourceTree = BUILT_PRODUCTS_DIR; };
		1CBE7CED280594230096676E /* EssentialFeed.h */ = {isa = PBXFileReference; lastKnownFileType = sourcecode.c.h; path = EssentialFeed.h; sourceTree = "<group>"; };
		1CBE7CEE280594230096676E /* EssentialFeed.docc */ = {isa = PBXFileReference; lastKnownFileType = folder.documentationcatalog; path = EssentialFeed.docc; sourceTree = "<group>"; };
		1CBE7CF4280594230096676E /* EssentialFeedTests.xctest */ = {isa = PBXFileReference; explicitFileType = wrapper.cfbundle; includeInIndex = 0; path = EssentialFeedTests.xctest; sourceTree = BUILT_PRODUCTS_DIR; };
		1CBE7D042805943E0096676E /* FeedItem.swift */ = {isa = PBXFileReference; lastKnownFileType = sourcecode.swift; path = FeedItem.swift; sourceTree = "<group>"; };
		1CBE7D06280594710096676E /* FeedLoader.swift */ = {isa = PBXFileReference; lastKnownFileType = sourcecode.swift; path = FeedLoader.swift; sourceTree = "<group>"; };
		1CBE7D0828059B820096676E /* LoadFromRemoteUseCaseTests.swift */ = {isa = PBXFileReference; lastKnownFileType = sourcecode.swift; path = LoadFromRemoteUseCaseTests.swift; sourceTree = "<group>"; };
		1CBE7D0A2805A6D30096676E /* HTTPClient.swift */ = {isa = PBXFileReference; lastKnownFileType = sourcecode.swift; path = HTTPClient.swift; sourceTree = "<group>"; };
		1CBE7D0C2805DF160096676E /* RemoteFeedLoader.swift */ = {isa = PBXFileReference; lastKnownFileType = sourcecode.swift; path = RemoteFeedLoader.swift; sourceTree = "<group>"; };
		1CCC42C2281B003700F77ACA /* CacheFeedUseCase.swift */ = {isa = PBXFileReference; lastKnownFileType = sourcecode.swift; path = CacheFeedUseCase.swift; sourceTree = "<group>"; };
		1CCC42C5281D486100F77ACA /* LocalFeedLoader.swift */ = {isa = PBXFileReference; lastKnownFileType = sourcecode.swift; path = LocalFeedLoader.swift; sourceTree = "<group>"; };
		1CCC42C7281D48DE00F77ACA /* FeedStore.swift */ = {isa = PBXFileReference; lastKnownFileType = sourcecode.swift; path = FeedStore.swift; sourceTree = "<group>"; };
		1CCC42C9281D955600F77ACA /* RemoteFeedItem.swift */ = {isa = PBXFileReference; lastKnownFileType = sourcecode.swift; path = RemoteFeedItem.swift; sourceTree = "<group>"; };
		1CCC42CB281D958F00F77ACA /* LocalFeedImage.swift */ = {isa = PBXFileReference; lastKnownFileType = sourcecode.swift; path = LocalFeedImage.swift; sourceTree = "<group>"; };
		1CE712932822EBE80065176B /* LoadFeedFromCacheUseCaseTests.swift */ = {isa = PBXFileReference; lastKnownFileType = sourcecode.swift; path = LoadFeedFromCacheUseCaseTests.swift; sourceTree = "<group>"; };
		1CE712962822EC790065176B /* FeedStoreSpy.swift */ = {isa = PBXFileReference; lastKnownFileType = sourcecode.swift; path = FeedStoreSpy.swift; sourceTree = "<group>"; };
/* End PBXFileReference section */

/* Begin PBXFrameworksBuildPhase section */
		1C8B1E482809644B002EA167 /* Frameworks */ = {
			isa = PBXFrameworksBuildPhase;
			buildActionMask = 2147483647;
			files = (
				1C8B1E4F2809644B002EA167 /* EssentialFeed.framework in Frameworks */,
			);
			runOnlyForDeploymentPostprocessing = 0;
		};
		1CBE7CE7280594230096676E /* Frameworks */ = {
			isa = PBXFrameworksBuildPhase;
			buildActionMask = 2147483647;
			files = (
			);
			runOnlyForDeploymentPostprocessing = 0;
		};
		1CBE7CF1280594230096676E /* Frameworks */ = {
			isa = PBXFrameworksBuildPhase;
			buildActionMask = 2147483647;
			files = (
				1CBE7CF5280594230096676E /* EssentialFeed.framework in Frameworks */,
			);
			runOnlyForDeploymentPostprocessing = 0;
		};
/* End PBXFrameworksBuildPhase section */

/* Begin PBXGroup section */
		1C0722F628423EF800E4B30E /* Infrastructure */ = {
			isa = PBXGroup;
			children = (
				1C0722F828423F3B00E4B30E /* Codable */,
				1C0722F728423F3400E4B30E /* CoreData */,
			);
			path = Infrastructure;
			sourceTree = "<group>";
		};
		1C0722F728423F3400E4B30E /* CoreData */ = {
			isa = PBXGroup;
			children = (
				1C0722F1284231B700E4B30E /* CoreDataFeedStore.swift */,
				1C0722F928423F9C00E4B30E /* CoreDataHelpers.swift */,
				1C0722FB2842401000E4B30E /* ManagedCache.swift */,
				1C0722FD2842401600E4B30E /* ManagedFeedImage.swift */,
				1C0722F3284232AC00E4B30E /* FeedStore.xcdatamodeld */,
			);
			path = CoreData;
			sourceTree = "<group>";
		};
		1C0722F828423F3B00E4B30E /* Codable */ = {
			isa = PBXGroup;
			children = (
				1C4B57412831614A008B8479 /* CodableFeedStore.swift */,
			);
			path = Codable;
			sourceTree = "<group>";
		};
		1C8B1E3D28082B69002EA167 /* Feed API */ = {
			isa = PBXGroup;
			children = (
				1CBE7D0828059B820096676E /* LoadFromRemoteUseCaseTests.swift */,
				1C8B1E4028087C77002EA167 /* URLSessionHTTPClientTests.swift */,
			);
			path = "Feed API";
			sourceTree = "<group>";
		};
		1C8B1E3E28082B7A002EA167 /* Feed API */ = {
			isa = PBXGroup;
			children = (
				1CBE7D0A2805A6D30096676E /* HTTPClient.swift */,
				1C8B1E3B28081F97002EA167 /* FeedItemsMapper.swift */,
				1CBE7D0C2805DF160096676E /* RemoteFeedLoader.swift */,
				1CCC42C9281D955600F77ACA /* RemoteFeedItem.swift */,
				1C8B1E452808D3FD002EA167 /* URLSessionHTTPClient.swift */,
			);
			path = "Feed API";
			sourceTree = "<group>";
		};
		1C8B1E3F28082B85002EA167 /* Feed Feature */ = {
			isa = PBXGroup;
			children = (
				1CBE7D042805943E0096676E /* FeedItem.swift */,
				1CBE7D06280594710096676E /* FeedLoader.swift */,
			);
			path = "Feed Feature";
			sourceTree = "<group>";
		};
		1C8B1E422808C5BD002EA167 /* Helpers */ = {
			isa = PBXGroup;
			children = (
				1C8B1E432808C5C9002EA167 /* XCTestCase+TrackMemoryLeaks.swift */,
				1C4E66692826659A0010117F /* SharedTestHelpers.swift */,
			);
			path = Helpers;
			sourceTree = "<group>";
		};
		1C8B1E4C2809644B002EA167 /* EssentialFeedAPIEndToEndTests */ = {
			isa = PBXGroup;
			children = (
				1C8B1E4D2809644B002EA167 /* EssentialFeedAPIEndToEndTests.swift */,
			);
			path = EssentialFeedAPIEndToEndTests;
			sourceTree = "<group>";
		};
		1CBE7CE0280594230096676E = {
			isa = PBXGroup;
			children = (
				1C4E66632824661D0010117F /* README.md */,
				1CBE7CEC280594230096676E /* EssentialFeed */,
				1CBE7CF8280594230096676E /* EssentialFeedTests */,
				1C8B1E4C2809644B002EA167 /* EssentialFeedAPIEndToEndTests */,
				1CBE7CEB280594230096676E /* Products */,
			);
			sourceTree = "<group>";
		};
		1CBE7CEB280594230096676E /* Products */ = {
			isa = PBXGroup;
			children = (
				1CBE7CEA280594230096676E /* EssentialFeed.framework */,
				1CBE7CF4280594230096676E /* EssentialFeedTests.xctest */,
				1C8B1E4B2809644B002EA167 /* EssentialFeedAPIEndToEndTests.xctest */,
			);
			name = Products;
			sourceTree = "<group>";
		};
		1CBE7CEC280594230096676E /* EssentialFeed */ = {
			isa = PBXGroup;
			children = (
				1CBE7CED280594230096676E /* EssentialFeed.h */,
				1CCC42C4281D485100F77ACA /* Feed Cache */,
				1C8B1E3F28082B85002EA167 /* Feed Feature */,
				1C8B1E3E28082B7A002EA167 /* Feed API */,
				1CBE7CEE280594230096676E /* EssentialFeed.docc */,
			);
			path = EssentialFeed;
			sourceTree = "<group>";
		};
		1CBE7CF8280594230096676E /* EssentialFeedTests */ = {
			isa = PBXGroup;
			children = (
				1C8B1E422808C5BD002EA167 /* Helpers */,
				1CCC42C1281B002500F77ACA /* Feed Cache */,
				1C8B1E3D28082B69002EA167 /* Feed API */,
			);
			path = EssentialFeedTests;
			sourceTree = "<group>";
		};
		1CCC42C1281B002500F77ACA /* Feed Cache */ = {
			isa = PBXGroup;
			children = (
				1CE712952822EC700065176B /* Helpers */,
				1CCC42C2281B003700F77ACA /* CacheFeedUseCase.swift */,
				1CE712932822EBE80065176B /* LoadFeedFromCacheUseCaseTests.swift */,
				1C4E6665282662380010117F /* ValidateFeedCacheUseCaseTests.swift */,
				1C4B573F282EC43E008B8479 /* CodableFeedStoreTests.swift */,
				1C0722EF2842313000E4B30E /* CoreDataFeedStoreTests.swift */,
			);
			path = "Feed Cache";
			sourceTree = "<group>";
		};
		1CCC42C4281D485100F77ACA /* Feed Cache */ = {
			isa = PBXGroup;
			children = (
				1C0722F628423EF800E4B30E /* Infrastructure */,
				1CCC42C5281D486100F77ACA /* LocalFeedLoader.swift */,
				1CCC42C7281D48DE00F77ACA /* FeedStore.swift */,
				1CCC42CB281D958F00F77ACA /* LocalFeedImage.swift */,
				1C4E666B28280C420010117F /* FeedCachePolicy.swift */,
			);
			path = "Feed Cache";
			sourceTree = "<group>";
		};
		1CE712952822EC700065176B /* Helpers */ = {
			isa = PBXGroup;
			children = (
				1C11BD62283435F500AD4B39 /* XCTestCase+FeedStoreSpecs.swift */,
				1C11BD642834379000AD4B39 /* XCTestCase+FailableRetrieveFeedStoreSpecs.swift */,
				1C11BD66283437B200AD4B39 /* XCTestCase+FailableInsertFeedStoreSepcs.swift */,
				1C11BD68283437E800AD4B39 /* XCTestCase+FailableDeleteFeedStoreSpecs.swift */,
				1C11BD60283434E300AD4B39 /* FeedStoreSpecs.swift */,
				1CE712962822EC790065176B /* FeedStoreSpy.swift */,
				1C4E6667282665220010117F /* FeedCacheTestHelpers.swift */,
			);
			path = Helpers;
			sourceTree = "<group>";
		};
/* End PBXGroup section */

/* Begin PBXHeadersBuildPhase section */
		1CBE7CE5280594230096676E /* Headers */ = {
			isa = PBXHeadersBuildPhase;
			buildActionMask = 2147483647;
			files = (
				1CBE7CFB280594230096676E /* EssentialFeed.h in Headers */,
			);
			runOnlyForDeploymentPostprocessing = 0;
		};
/* End PBXHeadersBuildPhase section */

/* Begin PBXNativeTarget section */
		1C8B1E4A2809644B002EA167 /* EssentialFeedAPIEndToEndTests */ = {
			isa = PBXNativeTarget;
			buildConfigurationList = 1C8B1E522809644B002EA167 /* Build configuration list for PBXNativeTarget "EssentialFeedAPIEndToEndTests" */;
			buildPhases = (
				1C8B1E472809644B002EA167 /* Sources */,
				1C8B1E482809644B002EA167 /* Frameworks */,
				1C8B1E492809644B002EA167 /* Resources */,
			);
			buildRules = (
			);
			dependencies = (
				1C8B1E512809644B002EA167 /* PBXTargetDependency */,
			);
			name = EssentialFeedAPIEndToEndTests;
			productName = EssentialFeedAPIEndToEndTests;
			productReference = 1C8B1E4B2809644B002EA167 /* EssentialFeedAPIEndToEndTests.xctest */;
			productType = "com.apple.product-type.bundle.unit-test";
		};
		1CBE7CE9280594230096676E /* EssentialFeed */ = {
			isa = PBXNativeTarget;
			buildConfigurationList = 1CBE7CFE280594230096676E /* Build configuration list for PBXNativeTarget "EssentialFeed" */;
			buildPhases = (
				1CBE7CE5280594230096676E /* Headers */,
				1CBE7CE6280594230096676E /* Sources */,
				1CBE7CE7280594230096676E /* Frameworks */,
				1CBE7CE8280594230096676E /* Resources */,
			);
			buildRules = (
			);
			dependencies = (
			);
			name = EssentialFeed;
			productName = EssentialFeed;
			productReference = 1CBE7CEA280594230096676E /* EssentialFeed.framework */;
			productType = "com.apple.product-type.framework";
		};
		1CBE7CF3280594230096676E /* EssentialFeedTests */ = {
			isa = PBXNativeTarget;
			buildConfigurationList = 1CBE7D01280594230096676E /* Build configuration list for PBXNativeTarget "EssentialFeedTests" */;
			buildPhases = (
				1CBE7CF0280594230096676E /* Sources */,
				1CBE7CF1280594230096676E /* Frameworks */,
				1CBE7CF2280594230096676E /* Resources */,
			);
			buildRules = (
			);
			dependencies = (
				1CBE7CF7280594230096676E /* PBXTargetDependency */,
			);
			name = EssentialFeedTests;
			productName = EssentialFeedTests;
			productReference = 1CBE7CF4280594230096676E /* EssentialFeedTests.xctest */;
			productType = "com.apple.product-type.bundle.unit-test";
		};
/* End PBXNativeTarget section */

/* Begin PBXProject section */
		1CBE7CE1280594230096676E /* Project object */ = {
			isa = PBXProject;
			attributes = {
				BuildIndependentTargetsInParallel = 1;
				LastSwiftUpdateCheck = 1330;
				LastUpgradeCheck = 1330;
				TargetAttributes = {
					1C8B1E4A2809644B002EA167 = {
						CreatedOnToolsVersion = 13.3;
					};
					1CBE7CE9280594230096676E = {
						CreatedOnToolsVersion = 13.3;
					};
					1CBE7CF3280594230096676E = {
						CreatedOnToolsVersion = 13.3;
					};
				};
			};
			buildConfigurationList = 1CBE7CE4280594230096676E /* Build configuration list for PBXProject "EssentialFeed" */;
			compatibilityVersion = "Xcode 13.0";
			developmentRegion = en;
			hasScannedForEncodings = 0;
			knownRegions = (
				en,
				Base,
			);
			mainGroup = 1CBE7CE0280594230096676E;
			productRefGroup = 1CBE7CEB280594230096676E /* Products */;
			projectDirPath = "";
			projectRoot = "";
			targets = (
				1CBE7CE9280594230096676E /* EssentialFeed */,
				1CBE7CF3280594230096676E /* EssentialFeedTests */,
				1C8B1E4A2809644B002EA167 /* EssentialFeedAPIEndToEndTests */,
			);
		};
/* End PBXProject section */

/* Begin PBXResourcesBuildPhase section */
		1C8B1E492809644B002EA167 /* Resources */ = {
			isa = PBXResourcesBuildPhase;
			buildActionMask = 2147483647;
			files = (
			);
			runOnlyForDeploymentPostprocessing = 0;
		};
		1CBE7CE8280594230096676E /* Resources */ = {
			isa = PBXResourcesBuildPhase;
			buildActionMask = 2147483647;
			files = (
				1C4E66642824661D0010117F /* README.md in Resources */,
			);
			runOnlyForDeploymentPostprocessing = 0;
		};
		1CBE7CF2280594230096676E /* Resources */ = {
			isa = PBXResourcesBuildPhase;
			buildActionMask = 2147483647;
			files = (
			);
			runOnlyForDeploymentPostprocessing = 0;
		};
/* End PBXResourcesBuildPhase section */

/* Begin PBXSourcesBuildPhase section */
		1C8B1E472809644B002EA167 /* Sources */ = {
			isa = PBXSourcesBuildPhase;
			buildActionMask = 2147483647;
			files = (
				1C8B1E552809673D002EA167 /* XCTestCase+TrackMemoryLeaks.swift in Sources */,
				1C8B1E4E2809644B002EA167 /* EssentialFeedAPIEndToEndTests.swift in Sources */,
			);
			runOnlyForDeploymentPostprocessing = 0;
		};
		1CBE7CE6280594230096676E /* Sources */ = {
			isa = PBXSourcesBuildPhase;
			buildActionMask = 2147483647;
			files = (
				1CCC42CC281D958F00F77ACA /* LocalFeedImage.swift in Sources */,
				1C0722F5284232AC00E4B30E /* FeedStore.xcdatamodeld in Sources */,
				1CCC42C8281D48DE00F77ACA /* FeedStore.swift in Sources */,
				1C8B1E462808D3FD002EA167 /* URLSessionHTTPClient.swift in Sources */,
				1CBE7D07280594710096676E /* FeedLoader.swift in Sources */,
				1CBE7D052805943E0096676E /* FeedItem.swift in Sources */,
				1C0722FA28423F9C00E4B30E /* CoreDataHelpers.swift in Sources */,
				1CBE7D0B2805A6D30096676E /* HTTPClient.swift in Sources */,
				1C0722F2284231B700E4B30E /* CoreDataFeedStore.swift in Sources */,
				1C0722FC2842401000E4B30E /* ManagedCache.swift in Sources */,
				1C8B1E3C28081F97002EA167 /* FeedItemsMapper.swift in Sources */,
				1CCC42CA281D955600F77ACA /* RemoteFeedItem.swift in Sources */,
				1C4B57422831614A008B8479 /* CodableFeedStore.swift in Sources */,
				1C4E666C28280C420010117F /* FeedCachePolicy.swift in Sources */,
				1CBE7D0D2805DF160096676E /* RemoteFeedLoader.swift in Sources */,
				1C0722FE2842401600E4B30E /* ManagedFeedImage.swift in Sources */,
				1CCC42C6281D486100F77ACA /* LocalFeedLoader.swift in Sources */,
				1CBE7CEF280594230096676E /* EssentialFeed.docc in Sources */,
			);
			runOnlyForDeploymentPostprocessing = 0;
		};
		1CBE7CF0280594230096676E /* Sources */ = {
			isa = PBXSourcesBuildPhase;
			buildActionMask = 2147483647;
			files = (
				1C4B5740282EC43E008B8479 /* CodableFeedStoreTests.swift in Sources */,
				1C4E6668282665220010117F /* FeedCacheTestHelpers.swift in Sources */,
				1C4E6666282662380010117F /* ValidateFeedCacheUseCaseTests.swift in Sources */,
				1CBE7D0928059B820096676E /* LoadFromRemoteUseCaseTests.swift in Sources */,
				1C8B1E4128087C77002EA167 /* URLSessionHTTPClientTests.swift in Sources */,
				1CE712972822EC790065176B /* FeedStoreSpy.swift in Sources */,
				1C4E666A2826659A0010117F /* SharedTestHelpers.swift in Sources */,
				1CCC42C3281B003700F77ACA /* CacheFeedUseCase.swift in Sources */,
				1C11BD67283437B200AD4B39 /* XCTestCase+FailableInsertFeedStoreSepcs.swift in Sources */,
				1C11BD69283437E800AD4B39 /* XCTestCase+FailableDeleteFeedStoreSpecs.swift in Sources */,
				1C11BD652834379000AD4B39 /* XCTestCase+FailableRetrieveFeedStoreSpecs.swift in Sources */,
				1CE712942822EBE80065176B /* LoadFeedFromCacheUseCaseTests.swift in Sources */,
				1C11BD61283434E300AD4B39 /* FeedStoreSpecs.swift in Sources */,
				1C8B1E442808C5C9002EA167 /* XCTestCase+TrackMemoryLeaks.swift in Sources */,
				1C0722F02842313000E4B30E /* CoreDataFeedStoreTests.swift in Sources */,
				1C11BD63283435F500AD4B39 /* XCTestCase+FeedStoreSpecs.swift in Sources */,
			);
			runOnlyForDeploymentPostprocessing = 0;
		};
/* End PBXSourcesBuildPhase section */

/* Begin PBXTargetDependency section */
		1C8B1E512809644B002EA167 /* PBXTargetDependency */ = {
			isa = PBXTargetDependency;
			target = 1CBE7CE9280594230096676E /* EssentialFeed */;
			targetProxy = 1C8B1E502809644B002EA167 /* PBXContainerItemProxy */;
		};
		1CBE7CF7280594230096676E /* PBXTargetDependency */ = {
			isa = PBXTargetDependency;
			target = 1CBE7CE9280594230096676E /* EssentialFeed */;
			targetProxy = 1CBE7CF6280594230096676E /* PBXContainerItemProxy */;
		};
/* End PBXTargetDependency section */

/* Begin XCBuildConfiguration section */
		1C8B1E532809644B002EA167 /* Debug */ = {
			isa = XCBuildConfiguration;
			buildSettings = {
				CODE_SIGN_STYLE = Automatic;
				CURRENT_PROJECT_VERSION = 1;
				DEVELOPMENT_TEAM = U2GCDMVV7S;
				GENERATE_INFOPLIST_FILE = YES;
				MARKETING_VERSION = 1.0;
				PRODUCT_BUNDLE_IDENTIFIER = com.bradleymackey.EssentialFeedAPIEndToEndTests;
				PRODUCT_NAME = "$(TARGET_NAME)";
				SWIFT_EMIT_LOC_STRINGS = NO;
				SWIFT_VERSION = 5.0;
			};
			name = Debug;
		};
		1C8B1E542809644B002EA167 /* Release */ = {
			isa = XCBuildConfiguration;
			buildSettings = {
				CODE_SIGN_STYLE = Automatic;
				CURRENT_PROJECT_VERSION = 1;
				DEVELOPMENT_TEAM = U2GCDMVV7S;
				GENERATE_INFOPLIST_FILE = YES;
				MARKETING_VERSION = 1.0;
				PRODUCT_BUNDLE_IDENTIFIER = com.bradleymackey.EssentialFeedAPIEndToEndTests;
				PRODUCT_NAME = "$(TARGET_NAME)";
				SWIFT_EMIT_LOC_STRINGS = NO;
				SWIFT_VERSION = 5.0;
			};
			name = Release;
		};
		1CBE7CFC280594230096676E /* Debug */ = {
			isa = XCBuildConfiguration;
			buildSettings = {
				ALWAYS_SEARCH_USER_PATHS = NO;
				CLANG_ANALYZER_NONNULL = YES;
				CLANG_ANALYZER_NUMBER_OBJECT_CONVERSION = YES_AGGRESSIVE;
				CLANG_CXX_LANGUAGE_STANDARD = "gnu++17";
				CLANG_ENABLE_MODULES = YES;
				CLANG_ENABLE_OBJC_ARC = YES;
				CLANG_ENABLE_OBJC_WEAK = YES;
				CLANG_WARN_BLOCK_CAPTURE_AUTORELEASING = YES;
				CLANG_WARN_BOOL_CONVERSION = YES;
				CLANG_WARN_COMMA = YES;
				CLANG_WARN_CONSTANT_CONVERSION = YES;
				CLANG_WARN_DEPRECATED_OBJC_IMPLEMENTATIONS = YES;
				CLANG_WARN_DIRECT_OBJC_ISA_USAGE = YES_ERROR;
				CLANG_WARN_DOCUMENTATION_COMMENTS = YES;
				CLANG_WARN_EMPTY_BODY = YES;
				CLANG_WARN_ENUM_CONVERSION = YES;
				CLANG_WARN_INFINITE_RECURSION = YES;
				CLANG_WARN_INT_CONVERSION = YES;
				CLANG_WARN_NON_LITERAL_NULL_CONVERSION = YES;
				CLANG_WARN_OBJC_IMPLICIT_RETAIN_SELF = YES;
				CLANG_WARN_OBJC_LITERAL_CONVERSION = YES;
				CLANG_WARN_OBJC_ROOT_CLASS = YES_ERROR;
				CLANG_WARN_QUOTED_INCLUDE_IN_FRAMEWORK_HEADER = YES;
				CLANG_WARN_RANGE_LOOP_ANALYSIS = YES;
				CLANG_WARN_STRICT_PROTOTYPES = YES;
				CLANG_WARN_SUSPICIOUS_MOVE = YES;
				CLANG_WARN_UNGUARDED_AVAILABILITY = YES_AGGRESSIVE;
				CLANG_WARN_UNREACHABLE_CODE = YES;
				CLANG_WARN__DUPLICATE_METHOD_MATCH = YES;
				COPY_PHASE_STRIP = NO;
				CURRENT_PROJECT_VERSION = 1;
				DEBUG_INFORMATION_FORMAT = dwarf;
				ENABLE_STRICT_OBJC_MSGSEND = YES;
				ENABLE_TESTABILITY = YES;
				GCC_C_LANGUAGE_STANDARD = gnu11;
				GCC_DYNAMIC_NO_PIC = NO;
				GCC_NO_COMMON_BLOCKS = YES;
				GCC_OPTIMIZATION_LEVEL = 0;
				GCC_PREPROCESSOR_DEFINITIONS = (
					"DEBUG=1",
					"$(inherited)",
				);
				GCC_WARN_64_TO_32_BIT_CONVERSION = YES;
				GCC_WARN_ABOUT_RETURN_TYPE = YES_ERROR;
				GCC_WARN_UNDECLARED_SELECTOR = YES;
				GCC_WARN_UNINITIALIZED_AUTOS = YES_AGGRESSIVE;
				GCC_WARN_UNUSED_FUNCTION = YES;
				GCC_WARN_UNUSED_VARIABLE = YES;
				MACOSX_DEPLOYMENT_TARGET = 11.0;
				MTL_ENABLE_DEBUG_INFO = INCLUDE_SOURCE;
				MTL_FAST_MATH = YES;
				ONLY_ACTIVE_ARCH = YES;
				SDKROOT = macosx;
				SWIFT_ACTIVE_COMPILATION_CONDITIONS = DEBUG;
				SWIFT_OPTIMIZATION_LEVEL = "-Onone";
				VERSIONING_SYSTEM = "apple-generic";
				VERSION_INFO_PREFIX = "";
			};
			name = Debug;
		};
		1CBE7CFD280594230096676E /* Release */ = {
			isa = XCBuildConfiguration;
			buildSettings = {
				ALWAYS_SEARCH_USER_PATHS = NO;
				CLANG_ANALYZER_NONNULL = YES;
				CLANG_ANALYZER_NUMBER_OBJECT_CONVERSION = YES_AGGRESSIVE;
				CLANG_CXX_LANGUAGE_STANDARD = "gnu++17";
				CLANG_ENABLE_MODULES = YES;
				CLANG_ENABLE_OBJC_ARC = YES;
				CLANG_ENABLE_OBJC_WEAK = YES;
				CLANG_WARN_BLOCK_CAPTURE_AUTORELEASING = YES;
				CLANG_WARN_BOOL_CONVERSION = YES;
				CLANG_WARN_COMMA = YES;
				CLANG_WARN_CONSTANT_CONVERSION = YES;
				CLANG_WARN_DEPRECATED_OBJC_IMPLEMENTATIONS = YES;
				CLANG_WARN_DIRECT_OBJC_ISA_USAGE = YES_ERROR;
				CLANG_WARN_DOCUMENTATION_COMMENTS = YES;
				CLANG_WARN_EMPTY_BODY = YES;
				CLANG_WARN_ENUM_CONVERSION = YES;
				CLANG_WARN_INFINITE_RECURSION = YES;
				CLANG_WARN_INT_CONVERSION = YES;
				CLANG_WARN_NON_LITERAL_NULL_CONVERSION = YES;
				CLANG_WARN_OBJC_IMPLICIT_RETAIN_SELF = YES;
				CLANG_WARN_OBJC_LITERAL_CONVERSION = YES;
				CLANG_WARN_OBJC_ROOT_CLASS = YES_ERROR;
				CLANG_WARN_QUOTED_INCLUDE_IN_FRAMEWORK_HEADER = YES;
				CLANG_WARN_RANGE_LOOP_ANALYSIS = YES;
				CLANG_WARN_STRICT_PROTOTYPES = YES;
				CLANG_WARN_SUSPICIOUS_MOVE = YES;
				CLANG_WARN_UNGUARDED_AVAILABILITY = YES_AGGRESSIVE;
				CLANG_WARN_UNREACHABLE_CODE = YES;
				CLANG_WARN__DUPLICATE_METHOD_MATCH = YES;
				COPY_PHASE_STRIP = NO;
				CURRENT_PROJECT_VERSION = 1;
				DEBUG_INFORMATION_FORMAT = "dwarf-with-dsym";
				ENABLE_NS_ASSERTIONS = NO;
				ENABLE_STRICT_OBJC_MSGSEND = YES;
				GCC_C_LANGUAGE_STANDARD = gnu11;
				GCC_NO_COMMON_BLOCKS = YES;
				GCC_WARN_64_TO_32_BIT_CONVERSION = YES;
				GCC_WARN_ABOUT_RETURN_TYPE = YES_ERROR;
				GCC_WARN_UNDECLARED_SELECTOR = YES;
				GCC_WARN_UNINITIALIZED_AUTOS = YES_AGGRESSIVE;
				GCC_WARN_UNUSED_FUNCTION = YES;
				GCC_WARN_UNUSED_VARIABLE = YES;
				MACOSX_DEPLOYMENT_TARGET = 11.0;
				MTL_ENABLE_DEBUG_INFO = NO;
				MTL_FAST_MATH = YES;
				SDKROOT = macosx;
				SWIFT_COMPILATION_MODE = wholemodule;
				SWIFT_OPTIMIZATION_LEVEL = "-O";
				VERSIONING_SYSTEM = "apple-generic";
				VERSION_INFO_PREFIX = "";
			};
			name = Release;
		};
		1CBE7CFF280594230096676E /* Debug */ = {
			isa = XCBuildConfiguration;
			buildSettings = {
				CODE_SIGN_STYLE = Automatic;
				COMBINE_HIDPI_IMAGES = YES;
				CURRENT_PROJECT_VERSION = 1;
				DEFINES_MODULE = YES;
				DEVELOPMENT_TEAM = U2GCDMVV7S;
				DYLIB_COMPATIBILITY_VERSION = 1;
				DYLIB_CURRENT_VERSION = 1;
				DYLIB_INSTALL_NAME_BASE = "@rpath";
				GENERATE_INFOPLIST_FILE = YES;
				INFOPLIST_KEY_NSHumanReadableCopyright = "";
				INSTALL_PATH = "$(LOCAL_LIBRARY_DIR)/Frameworks";
				LD_RUNPATH_SEARCH_PATHS = (
					"$(inherited)",
					"@executable_path/../Frameworks",
					"@loader_path/Frameworks",
				);
				MACOSX_DEPLOYMENT_TARGET = 11.0;
				MARKETING_VERSION = 1.0;
				PRODUCT_BUNDLE_IDENTIFIER = com.bradleymackey.EssentialFeed;
				PRODUCT_NAME = "$(TARGET_NAME:c99extidentifier)";
				SKIP_INSTALL = YES;
				SWIFT_EMIT_LOC_STRINGS = YES;
				SWIFT_VERSION = 5.0;
			};
			name = Debug;
		};
		1CBE7D00280594230096676E /* Release */ = {
			isa = XCBuildConfiguration;
			buildSettings = {
				CODE_SIGN_STYLE = Automatic;
				COMBINE_HIDPI_IMAGES = YES;
				CURRENT_PROJECT_VERSION = 1;
				DEFINES_MODULE = YES;
				DEVELOPMENT_TEAM = U2GCDMVV7S;
				DYLIB_COMPATIBILITY_VERSION = 1;
				DYLIB_CURRENT_VERSION = 1;
				DYLIB_INSTALL_NAME_BASE = "@rpath";
				GENERATE_INFOPLIST_FILE = YES;
				INFOPLIST_KEY_NSHumanReadableCopyright = "";
				INSTALL_PATH = "$(LOCAL_LIBRARY_DIR)/Frameworks";
				LD_RUNPATH_SEARCH_PATHS = (
					"$(inherited)",
					"@executable_path/../Frameworks",
					"@loader_path/Frameworks",
				);
				MACOSX_DEPLOYMENT_TARGET = 11.0;
				MARKETING_VERSION = 1.0;
				PRODUCT_BUNDLE_IDENTIFIER = com.bradleymackey.EssentialFeed;
				PRODUCT_NAME = "$(TARGET_NAME:c99extidentifier)";
				SKIP_INSTALL = YES;
				SWIFT_EMIT_LOC_STRINGS = YES;
				SWIFT_VERSION = 5.0;
			};
			name = Release;
		};
		1CBE7D02280594230096676E /* Debug */ = {
			isa = XCBuildConfiguration;
			buildSettings = {
				ALWAYS_EMBED_SWIFT_STANDARD_LIBRARIES = YES;
				CODE_SIGN_STYLE = Automatic;
				CURRENT_PROJECT_VERSION = 1;
				DEVELOPMENT_TEAM = U2GCDMVV7S;
				GENERATE_INFOPLIST_FILE = YES;
				MARKETING_VERSION = 1.0;
				PRODUCT_BUNDLE_IDENTIFIER = com.bradleymackey.EssentialFeedTests;
				PRODUCT_NAME = "$(TARGET_NAME)";
				SWIFT_EMIT_LOC_STRINGS = NO;
				SWIFT_VERSION = 5.0;
			};
			name = Debug;
		};
		1CBE7D03280594230096676E /* Release */ = {
			isa = XCBuildConfiguration;
			buildSettings = {
				ALWAYS_EMBED_SWIFT_STANDARD_LIBRARIES = YES;
				CODE_SIGN_STYLE = Automatic;
				CURRENT_PROJECT_VERSION = 1;
				DEVELOPMENT_TEAM = U2GCDMVV7S;
				GENERATE_INFOPLIST_FILE = YES;
				MARKETING_VERSION = 1.0;
				PRODUCT_BUNDLE_IDENTIFIER = com.bradleymackey.EssentialFeedTests;
				PRODUCT_NAME = "$(TARGET_NAME)";
				SWIFT_EMIT_LOC_STRINGS = NO;
				SWIFT_VERSION = 5.0;
			};
			name = Release;
		};
/* End XCBuildConfiguration section */

/* Begin XCConfigurationList section */
		1C8B1E522809644B002EA167 /* Build configuration list for PBXNativeTarget "EssentialFeedAPIEndToEndTests" */ = {
			isa = XCConfigurationList;
			buildConfigurations = (
				1C8B1E532809644B002EA167 /* Debug */,
				1C8B1E542809644B002EA167 /* Release */,
			);
			defaultConfigurationIsVisible = 0;
			defaultConfigurationName = Release;
		};
		1CBE7CE4280594230096676E /* Build configuration list for PBXProject "EssentialFeed" */ = {
			isa = XCConfigurationList;
			buildConfigurations = (
				1CBE7CFC280594230096676E /* Debug */,
				1CBE7CFD280594230096676E /* Release */,
			);
			defaultConfigurationIsVisible = 0;
			defaultConfigurationName = Release;
		};
		1CBE7CFE280594230096676E /* Build configuration list for PBXNativeTarget "EssentialFeed" */ = {
			isa = XCConfigurationList;
			buildConfigurations = (
				1CBE7CFF280594230096676E /* Debug */,
				1CBE7D00280594230096676E /* Release */,
			);
			defaultConfigurationIsVisible = 0;
			defaultConfigurationName = Release;
		};
		1CBE7D01280594230096676E /* Build configuration list for PBXNativeTarget "EssentialFeedTests" */ = {
			isa = XCConfigurationList;
			buildConfigurations = (
				1CBE7D02280594230096676E /* Debug */,
				1CBE7D03280594230096676E /* Release */,
			);
			defaultConfigurationIsVisible = 0;
			defaultConfigurationName = Release;
		};
/* End XCConfigurationList section */

/* Begin XCVersionGroup section */
		1C0722F3284232AC00E4B30E /* FeedStore.xcdatamodeld */ = {
			isa = XCVersionGroup;
			children = (
				1C0722F4284232AC00E4B30E /* FeedStore.xcdatamodel */,
			);
			currentVersion = 1C0722F4284232AC00E4B30E /* FeedStore.xcdatamodel */;
			path = FeedStore.xcdatamodeld;
			sourceTree = "<group>";
			versionGroupType = wrapper.xcdatamodel;
		};
/* End XCVersionGroup section */
	};
	rootObject = 1CBE7CE1280594230096676E /* Project object */;
}
